
Microsoft Visual Studio Solution File, Format Version 12.00
# Visual Studio 15
VisualStudioVersion = 15.0.27428.2037
MinimumVisualStudioVersion = 10.0.40219.1
Project("{FAE04EC0-301F-11D3-BF4B-00C04F79EFBC}") = "LINQ_Demo", "LINQ_Demo\LINQ_Demo.csproj", "{BB86C03D-C32D-46F5-9513-ECCC64C08433}"
EndProject
Project("{FAE04EC0-301F-11D3-BF4B-00C04F79EFBC}") = "LINQToSqlForms", "LINQToSqlForms\LINQToSqlForms.csproj", "{B16615CC-9799-4C17-8057-3E45DCECB614}"
EndProject
Global
	GlobalSection(SolutionConfigurationPlatforms) = preSolution
		Debug|Any CPU = Debug|Any CPU
		Release|Any CPU = Release|Any CPU
	EndGlobalSection
	GlobalSection(ProjectConfigurationPlatforms) = postSolution
		{BB86C03D-C32D-46F5-9513-ECCC64C08433}.Debug|Any CPU.ActiveCfg = Debug|Any CPU
		{BB86C03D-C32D-46F5-9513-ECCC64C08433}.Debug|Any CPU.Build.0 = Debug|Any CPU
		{BB86C03D-C32D-46F5-9513-ECCC64C08433}.Release|Any CPU.ActiveCfg = Release|Any CPU
		{BB86C03D-C32D-46F5-9513-ECCC64C08433}.Release|Any CPU.Build.0 = Release|Any CPU
		{B16615CC-9799-4C17-8057-3E45DCECB614}.Debug|Any CPU.ActiveCfg = Debug|Any CPU
		{B16615CC-9799-4C17-8057-3E45DCECB614}.Debug|Any CPU.Build.0 = Debug|Any CPU
		{B16615CC-9799-4C17-8057-3E45DCECB614}.Release|Any CPU.ActiveCfg = Release|Any CPU
		{B16615CC-9799-4C17-8057-3E45DCECB614}.Release|Any CPU.Build.0 = Release|Any CPU
	EndGlobalSection
	GlobalSection(SolutionProperties) = preSolution
		HideSolutionNode = FALSE
	EndGlobalSection
	GlobalSection(ExtensibilityGlobals) = postSolution
		SolutionGuid = {234066E3-010B-4B4B-A732-07C81D3CE5CA}
	EndGlobalSection
EndGlobal
