
Microsoft Visual Studio Solution File, Format Version 12.00
# Visual Studio 15
VisualStudioVersion = 15.0.27703.2042
MinimumVisualStudioVersion = 10.0.40219.1
Project("{FAE04EC0-301F-11D3-BF4B-00C04F79EFBC}") = "CSharp7NewFeature", "CSharp7NewFeature\CSharp7NewFeature.csproj", "{C28D8931-9F66-4CAA-B993-9BD109B7DA17}"
EndProject
Global
	GlobalSection(SolutionConfigurationPlatforms) = preSolution
		Debug|Any CPU = Debug|Any CPU
		Release|Any CPU = Release|Any CPU
	EndGlobalSection
	GlobalSection(ProjectConfigurationPlatforms) = postSolution
		{C28D8931-9F66-4CAA-B993-9BD109B7DA17}.Debug|Any CPU.ActiveCfg = Debug|Any CPU
		{C28D8931-9F66-4CAA-B993-9BD109B7DA17}.Debug|Any CPU.Build.0 = Debug|Any CPU
		{C28D8931-9F66-4CAA-B993-9BD109B7DA17}.Release|Any CPU.ActiveCfg = Release|Any CPU
		{C28D8931-9F66-4CAA-B993-9BD109B7DA17}.Release|Any CPU.Build.0 = Release|Any CPU
	EndGlobalSection
	GlobalSection(SolutionProperties) = preSolution
		HideSolutionNode = FALSE
	EndGlobalSection
	GlobalSection(ExtensibilityGlobals) = postSolution
		SolutionGuid = {364D6A9D-A625-48A1-BA6A-B437CB41BBB7}
	EndGlobalSection
EndGlobal
